// !$*UTF8*$!
{
	archiveVersion = 1;
	classes = {
	};
	objectVersion = 56;
	objects = {

/* Begin PBXBuildFile section */
		B54E275B29BCFAE200FCD79F /* AppDelegate.swift in Sources */ = {isa = PBXBuildFile; fileRef = B54E275A29BCFAE200FCD79F /* AppDelegate.swift */; };
		B54E275D29BCFAE200FCD79F /* SceneDelegate.swift in Sources */ = {isa = PBXBuildFile; fileRef = B54E275C29BCFAE200FCD79F /* SceneDelegate.swift */; };
		B54E275F29BCFAE200FCD79F /* RMTabBarController.swift in Sources */ = {isa = PBXBuildFile; fileRef = B54E275E29BCFAE200FCD79F /* RMTabBarController.swift */; };
		B54E276429BCFAE300FCD79F /* Assets.xcassets in Resources */ = {isa = PBXBuildFile; fileRef = B54E276329BCFAE300FCD79F /* Assets.xcassets */; };
		B54E276729BCFAE300FCD79F /* LaunchScreen.storyboard in Resources */ = {isa = PBXBuildFile; fileRef = B54E276529BCFAE300FCD79F /* LaunchScreen.storyboard */; };
		B54E277629BD1C6600FCD79F /* RMLocation.swift in Sources */ = {isa = PBXBuildFile; fileRef = B54E277529BD1C6600FCD79F /* RMLocation.swift */; };
		B54E277829BD1C7100FCD79F /* RMCharacter.swift in Sources */ = {isa = PBXBuildFile; fileRef = B54E277729BD1C7100FCD79F /* RMCharacter.swift */; };
		B54E277A29BD1C7B00FCD79F /* RMEpisode.swift in Sources */ = {isa = PBXBuildFile; fileRef = B54E277929BD1C7B00FCD79F /* RMEpisode.swift */; };
		B54E277D29BD1D4200FCD79F /* RMCharacterViewController.swift in Sources */ = {isa = PBXBuildFile; fileRef = B54E277C29BD1D4200FCD79F /* RMCharacterViewController.swift */; };
		B54E277F29BD1D5700FCD79F /* RMLocationViewController.swift in Sources */ = {isa = PBXBuildFile; fileRef = B54E277E29BD1D5700FCD79F /* RMLocationViewController.swift */; };
		B54E278129BD1D7100FCD79F /* RMEpisodeViewController.swift in Sources */ = {isa = PBXBuildFile; fileRef = B54E278029BD1D7100FCD79F /* RMEpisodeViewController.swift */; };
		B54E278329BD1FAF00FCD79F /* RMSettingsViewController.swift in Sources */ = {isa = PBXBuildFile; fileRef = B54E278229BD1FAF00FCD79F /* RMSettingsViewController.swift */; };
		B57821E229C6729400C87B96 /* Extensions.swift in Sources */ = {isa = PBXBuildFile; fileRef = B57821E129C6729400C87B96 /* Extensions.swift */; };
		B5BBC74729BD33F200969206 /* RMService.swift in Sources */ = {isa = PBXBuildFile; fileRef = B5BBC74629BD33F200969206 /* RMService.swift */; };
		B5BBC74929BD340B00969206 /* RMRequest.swift in Sources */ = {isa = PBXBuildFile; fileRef = B5BBC74829BD340B00969206 /* RMRequest.swift */; };
		B5BBC74B29BD350700969206 /* RMEndpoint.swift in Sources */ = {isa = PBXBuildFile; fileRef = B5BBC74A29BD350700969206 /* RMEndpoint.swift */; };
		B5BBC74D29BDC5BB00969206 /* RMOrigin.swift in Sources */ = {isa = PBXBuildFile; fileRef = B5BBC74C29BDC5BB00969206 /* RMOrigin.swift */; };
		B5BBC74F29BDC69700969206 /* RMSingleLocation.swift in Sources */ = {isa = PBXBuildFile; fileRef = B5BBC74E29BDC69700969206 /* RMSingleLocation.swift */; };
		B5BBC75129BDC80800969206 /* RMCharacterStatus.swift in Sources */ = {isa = PBXBuildFile; fileRef = B5BBC75029BDC80800969206 /* RMCharacterStatus.swift */; };
		B5BBC75329BDC8B600969206 /* RMCharacterGender.swift in Sources */ = {isa = PBXBuildFile; fileRef = B5BBC75229BDC8B600969206 /* RMCharacterGender.swift */; };
		B5BBC75829C6527200969206 /* RMGetAllCharactersResponse.swift in Sources */ = {isa = PBXBuildFile; fileRef = B5BBC75729C6527200969206 /* RMGetAllCharactersResponse.swift */; };
		B5BBC75A29C66BAF00969206 /* CharacterListViewViewModel.swift in Sources */ = {isa = PBXBuildFile; fileRef = B5BBC75929C66BAF00969206 /* CharacterListViewViewModel.swift */; };
		B5BBC75C29C66C5600969206 /* CharacterListView.swift in Sources */ = {isa = PBXBuildFile; fileRef = B5BBC75B29C66C5600969206 /* CharacterListView.swift */; };
/* End PBXBuildFile section */

/* Begin PBXFileReference section */
		B54E275729BCFAE200FCD79F /* RickAndMorty.app */ = {isa = PBXFileReference; explicitFileType = wrapper.application; includeInIndex = 0; path = RickAndMorty.app; sourceTree = BUILT_PRODUCTS_DIR; };
		B54E275A29BCFAE200FCD79F /* AppDelegate.swift */ = {isa = PBXFileReference; lastKnownFileType = sourcecode.swift; path = AppDelegate.swift; sourceTree = "<group>"; };
		B54E275C29BCFAE200FCD79F /* SceneDelegate.swift */ = {isa = PBXFileReference; lastKnownFileType = sourcecode.swift; path = SceneDelegate.swift; sourceTree = "<group>"; };
		B54E275E29BCFAE200FCD79F /* RMTabBarController.swift */ = {isa = PBXFileReference; lastKnownFileType = sourcecode.swift; path = RMTabBarController.swift; sourceTree = "<group>"; };
		B54E276329BCFAE300FCD79F /* Assets.xcassets */ = {isa = PBXFileReference; lastKnownFileType = folder.assetcatalog; path = Assets.xcassets; sourceTree = "<group>"; };
		B54E276629BCFAE300FCD79F /* Base */ = {isa = PBXFileReference; lastKnownFileType = file.storyboard; name = Base; path = Base.lproj/LaunchScreen.storyboard; sourceTree = "<group>"; };
		B54E276829BCFAE300FCD79F /* Info.plist */ = {isa = PBXFileReference; lastKnownFileType = text.plist.xml; path = Info.plist; sourceTree = "<group>"; };
		B54E277529BD1C6600FCD79F /* RMLocation.swift */ = {isa = PBXFileReference; lastKnownFileType = sourcecode.swift; path = RMLocation.swift; sourceTree = "<group>"; };
		B54E277729BD1C7100FCD79F /* RMCharacter.swift */ = {isa = PBXFileReference; lastKnownFileType = sourcecode.swift; path = RMCharacter.swift; sourceTree = "<group>"; };
		B54E277929BD1C7B00FCD79F /* RMEpisode.swift */ = {isa = PBXFileReference; lastKnownFileType = sourcecode.swift; path = RMEpisode.swift; sourceTree = "<group>"; };
		B54E277C29BD1D4200FCD79F /* RMCharacterViewController.swift */ = {isa = PBXFileReference; lastKnownFileType = sourcecode.swift; path = RMCharacterViewController.swift; sourceTree = "<group>"; };
		B54E277E29BD1D5700FCD79F /* RMLocationViewController.swift */ = {isa = PBXFileReference; lastKnownFileType = sourcecode.swift; path = RMLocationViewController.swift; sourceTree = "<group>"; };
		B54E278029BD1D7100FCD79F /* RMEpisodeViewController.swift */ = {isa = PBXFileReference; lastKnownFileType = sourcecode.swift; path = RMEpisodeViewController.swift; sourceTree = "<group>"; };
		B54E278229BD1FAF00FCD79F /* RMSettingsViewController.swift */ = {isa = PBXFileReference; lastKnownFileType = sourcecode.swift; path = RMSettingsViewController.swift; sourceTree = "<group>"; };
		B57821E129C6729400C87B96 /* Extensions.swift */ = {isa = PBXFileReference; lastKnownFileType = sourcecode.swift; path = Extensions.swift; sourceTree = "<group>"; };
		B5BBC74629BD33F200969206 /* RMService.swift */ = {isa = PBXFileReference; lastKnownFileType = sourcecode.swift; path = RMService.swift; sourceTree = "<group>"; };
		B5BBC74829BD340B00969206 /* RMRequest.swift */ = {isa = PBXFileReference; lastKnownFileType = sourcecode.swift; path = RMRequest.swift; sourceTree = "<group>"; };
		B5BBC74A29BD350700969206 /* RMEndpoint.swift */ = {isa = PBXFileReference; lastKnownFileType = sourcecode.swift; path = RMEndpoint.swift; sourceTree = "<group>"; };
		B5BBC74C29BDC5BB00969206 /* RMOrigin.swift */ = {isa = PBXFileReference; lastKnownFileType = sourcecode.swift; path = RMOrigin.swift; sourceTree = "<group>"; };
		B5BBC74E29BDC69700969206 /* RMSingleLocation.swift */ = {isa = PBXFileReference; lastKnownFileType = sourcecode.swift; path = RMSingleLocation.swift; sourceTree = "<group>"; };
		B5BBC75029BDC80800969206 /* RMCharacterStatus.swift */ = {isa = PBXFileReference; lastKnownFileType = sourcecode.swift; path = RMCharacterStatus.swift; sourceTree = "<group>"; };
		B5BBC75229BDC8B600969206 /* RMCharacterGender.swift */ = {isa = PBXFileReference; lastKnownFileType = sourcecode.swift; path = RMCharacterGender.swift; sourceTree = "<group>"; };
		B5BBC75729C6527200969206 /* RMGetAllCharactersResponse.swift */ = {isa = PBXFileReference; lastKnownFileType = sourcecode.swift; path = RMGetAllCharactersResponse.swift; sourceTree = "<group>"; };
		B5BBC75929C66BAF00969206 /* CharacterListViewViewModel.swift */ = {isa = PBXFileReference; lastKnownFileType = sourcecode.swift; path = CharacterListViewViewModel.swift; sourceTree = "<group>"; };
		B5BBC75B29C66C5600969206 /* CharacterListView.swift */ = {isa = PBXFileReference; lastKnownFileType = sourcecode.swift; path = CharacterListView.swift; sourceTree = "<group>"; };
/* End PBXFileReference section */

/* Begin PBXFrameworksBuildPhase section */
		B54E275429BCFAE200FCD79F /* Frameworks */ = {
			isa = PBXFrameworksBuildPhase;
			buildActionMask = 2147483647;
			files = (
			);
			runOnlyForDeploymentPostprocessing = 0;
		};
/* End PBXFrameworksBuildPhase section */

/* Begin PBXGroup section */
		B54E274E29BCFAE200FCD79F = {
			isa = PBXGroup;
			children = (
				B54E275929BCFAE200FCD79F /* RickAndMorty */,
				B54E275829BCFAE200FCD79F /* Products */,
			);
			sourceTree = "<group>";
		};
		B54E275829BCFAE200FCD79F /* Products */ = {
			isa = PBXGroup;
			children = (
				B54E275729BCFAE200FCD79F /* RickAndMorty.app */,
			);
			name = Products;
			sourceTree = "<group>";
		};
		B54E275929BCFAE200FCD79F /* RickAndMorty */ = {
			isa = PBXGroup;
			children = (
				B54E277429BD1BAA00FCD79F /* Resources */,
				B54E277329BD1B9F00FCD79F /* Managers */,
				B54E277229BD1B9800FCD79F /* APIClient */,
				B54E277129BD1B7600FCD79F /* ViewModels */,
				B54E277029BD1B7000FCD79F /* Views */,
				B54E276F29BD1B6400FCD79F /* Models */,
				B54E276E29BD1B5900FCD79F /* Controllers */,
				B54E276829BCFAE300FCD79F /* Info.plist */,
			);
			path = RickAndMorty;
			sourceTree = "<group>";
		};
		B54E276E29BD1B5900FCD79F /* Controllers */ = {
			isa = PBXGroup;
			children = (
				B54E277B29BD1D0100FCD79F /* Core */,
			);
			path = Controllers;
			sourceTree = "<group>";
		};
		B54E276F29BD1B6400FCD79F /* Models */ = {
			isa = PBXGroup;
			children = (
				B5BBC75629C6524300969206 /* APIResponseTypes */,
				B5BBC75529C6522800969206 /* DataTypes */,
			);
			path = Models;
			sourceTree = "<group>";
		};
		B54E277029BD1B7000FCD79F /* Views */ = {
			isa = PBXGroup;
			children = (
				B5BBC75B29C66C5600969206 /* CharacterListView.swift */,
			);
			path = Views;
			sourceTree = "<group>";
		};
		B54E277129BD1B7600FCD79F /* ViewModels */ = {
			isa = PBXGroup;
			children = (
				B5BBC75929C66BAF00969206 /* CharacterListViewViewModel.swift */,
			);
			path = ViewModels;
			sourceTree = "<group>";
		};
		B54E277229BD1B9800FCD79F /* APIClient */ = {
			isa = PBXGroup;
			children = (
				B5BBC74629BD33F200969206 /* RMService.swift */,
				B5BBC74829BD340B00969206 /* RMRequest.swift */,
				B5BBC74A29BD350700969206 /* RMEndpoint.swift */,
			);
			path = APIClient;
			sourceTree = "<group>";
		};
		B54E277329BD1B9F00FCD79F /* Managers */ = {
			isa = PBXGroup;
			children = (
			);
			path = Managers;
			sourceTree = "<group>";
		};
		B54E277429BD1BAA00FCD79F /* Resources */ = {
			isa = PBXGroup;
			children = (
				B54E276329BCFAE300FCD79F /* Assets.xcassets */,
				B54E276529BCFAE300FCD79F /* LaunchScreen.storyboard */,
				B54E275A29BCFAE200FCD79F /* AppDelegate.swift */,
				B54E275C29BCFAE200FCD79F /* SceneDelegate.swift */,
				B57821E129C6729400C87B96 /* Extensions.swift */,
			);
			path = Resources;
			sourceTree = "<group>";
		};
		B54E277B29BD1D0100FCD79F /* Core */ = {
			isa = PBXGroup;
			children = (
				B54E275E29BCFAE200FCD79F /* RMTabBarController.swift */,
				B54E277C29BD1D4200FCD79F /* RMCharacterViewController.swift */,
				B54E277E29BD1D5700FCD79F /* RMLocationViewController.swift */,
				B54E278029BD1D7100FCD79F /* RMEpisodeViewController.swift */,
				B54E278229BD1FAF00FCD79F /* RMSettingsViewController.swift */,
			);
			path = Core;
			sourceTree = "<group>";
		};
		B5BBC75529C6522800969206 /* DataTypes */ = {
			isa = PBXGroup;
			children = (
				B54E277529BD1C6600FCD79F /* RMLocation.swift */,
				B54E277729BD1C7100FCD79F /* RMCharacter.swift */,
				B54E277929BD1C7B00FCD79F /* RMEpisode.swift */,
				B5BBC74C29BDC5BB00969206 /* RMOrigin.swift */,
				B5BBC74E29BDC69700969206 /* RMSingleLocation.swift */,
				B5BBC75029BDC80800969206 /* RMCharacterStatus.swift */,
				B5BBC75229BDC8B600969206 /* RMCharacterGender.swift */,
			);
			path = DataTypes;
			sourceTree = "<group>";
		};
		B5BBC75629C6524300969206 /* APIResponseTypes */ = {
			isa = PBXGroup;
			children = (
				B5BBC75729C6527200969206 /* RMGetAllCharactersResponse.swift */,
			);
			path = APIResponseTypes;
			sourceTree = "<group>";
		};
/* End PBXGroup section */

/* Begin PBXNativeTarget section */
		B54E275629BCFAE200FCD79F /* RickAndMorty */ = {
			isa = PBXNativeTarget;
			buildConfigurationList = B54E276B29BCFAE300FCD79F /* Build configuration list for PBXNativeTarget "RickAndMorty" */;
			buildPhases = (
				B54E275329BCFAE200FCD79F /* Sources */,
				B54E275429BCFAE200FCD79F /* Frameworks */,
				B54E275529BCFAE200FCD79F /* Resources */,
			);
			buildRules = (
			);
			dependencies = (
			);
			name = RickAndMorty;
			productName = RickAndMorty;
			productReference = B54E275729BCFAE200FCD79F /* RickAndMorty.app */;
			productType = "com.apple.product-type.application";
		};
/* End PBXNativeTarget section */

/* Begin PBXProject section */
		B54E274F29BCFAE200FCD79F /* Project object */ = {
			isa = PBXProject;
			attributes = {
				BuildIndependentTargetsInParallel = 1;
				LastSwiftUpdateCheck = 1420;
				LastUpgradeCheck = 1420;
				TargetAttributes = {
					B54E275629BCFAE200FCD79F = {
						CreatedOnToolsVersion = 14.2;
					};
				};
			};
			buildConfigurationList = B54E275229BCFAE200FCD79F /* Build configuration list for PBXProject "RickAndMorty" */;
			compatibilityVersion = "Xcode 14.0";
			developmentRegion = en;
			hasScannedForEncodings = 0;
			knownRegions = (
				en,
				Base,
			);
			mainGroup = B54E274E29BCFAE200FCD79F;
			productRefGroup = B54E275829BCFAE200FCD79F /* Products */;
			projectDirPath = "";
			projectRoot = "";
			targets = (
				B54E275629BCFAE200FCD79F /* RickAndMorty */,
			);
		};
/* End PBXProject section */

/* Begin PBXResourcesBuildPhase section */
		B54E275529BCFAE200FCD79F /* Resources */ = {
			isa = PBXResourcesBuildPhase;
			buildActionMask = 2147483647;
			files = (
				B54E276729BCFAE300FCD79F /* LaunchScreen.storyboard in Resources */,
				B54E276429BCFAE300FCD79F /* Assets.xcassets in Resources */,
			);
			runOnlyForDeploymentPostprocessing = 0;
		};
/* End PBXResourcesBuildPhase section */

/* Begin PBXSourcesBuildPhase section */
		B54E275329BCFAE200FCD79F /* Sources */ = {
			isa = PBXSourcesBuildPhase;
			buildActionMask = 2147483647;
			files = (
				B5BBC75829C6527200969206 /* RMGetAllCharactersResponse.swift in Sources */,
				B5BBC74D29BDC5BB00969206 /* RMOrigin.swift in Sources */,
				B5BBC75C29C66C5600969206 /* CharacterListView.swift in Sources */,
				B5BBC74F29BDC69700969206 /* RMSingleLocation.swift in Sources */,
				B5BBC75129BDC80800969206 /* RMCharacterStatus.swift in Sources */,
				B5BBC75329BDC8B600969206 /* RMCharacterGender.swift in Sources */,
				B54E277F29BD1D5700FCD79F /* RMLocationViewController.swift in Sources */,
				B54E277A29BD1C7B00FCD79F /* RMEpisode.swift in Sources */,
				B54E275F29BCFAE200FCD79F /* RMTabBarController.swift in Sources */,
				B54E278129BD1D7100FCD79F /* RMEpisodeViewController.swift in Sources */,
				B54E275B29BCFAE200FCD79F /* AppDelegate.swift in Sources */,
				B54E275D29BCFAE200FCD79F /* SceneDelegate.swift in Sources */,
				B54E278329BD1FAF00FCD79F /* RMSettingsViewController.swift in Sources */,
				B57821E229C6729400C87B96 /* Extensions.swift in Sources */,
				B5BBC74729BD33F200969206 /* RMService.swift in Sources */,
				B54E277629BD1C6600FCD79F /* RMLocation.swift in Sources */,
				B5BBC74B29BD350700969206 /* RMEndpoint.swift in Sources */,
				B54E277829BD1C7100FCD79F /* RMCharacter.swift in Sources */,
				B5BBC74929BD340B00969206 /* RMRequest.swift in Sources */,
				B5BBC75A29C66BAF00969206 /* CharacterListViewViewModel.swift in Sources */,
				B54E277D29BD1D4200FCD79F /* RMCharacterViewController.swift in Sources */,
			);
			runOnlyForDeploymentPostprocessing = 0;
		};
/* End PBXSourcesBuildPhase section */

/* Begin PBXVariantGroup section */
		B54E276529BCFAE300FCD79F /* LaunchScreen.storyboard */ = {
			isa = PBXVariantGroup;
			children = (
				B54E276629BCFAE300FCD79F /* Base */,
			);
			name = LaunchScreen.storyboard;
			sourceTree = "<group>";
		};
/* End PBXVariantGroup section */

/* Begin XCBuildConfiguration section */
		B54E276929BCFAE300FCD79F /* Debug */ = {
			isa = XCBuildConfiguration;
			buildSettings = {
				ALWAYS_SEARCH_USER_PATHS = NO;
				CLANG_ANALYZER_NONNULL = YES;
				CLANG_ANALYZER_NUMBER_OBJECT_CONVERSION = YES_AGGRESSIVE;
				CLANG_CXX_LANGUAGE_STANDARD = "gnu++20";
				CLANG_ENABLE_MODULES = YES;
				CLANG_ENABLE_OBJC_ARC = YES;
				CLANG_ENABLE_OBJC_WEAK = YES;
				CLANG_WARN_BLOCK_CAPTURE_AUTORELEASING = YES;
				CLANG_WARN_BOOL_CONVERSION = YES;
				CLANG_WARN_COMMA = YES;
				CLANG_WARN_CONSTANT_CONVERSION = YES;
				CLANG_WARN_DEPRECATED_OBJC_IMPLEMENTATIONS = YES;
				CLANG_WARN_DIRECT_OBJC_ISA_USAGE = YES_ERROR;
				CLANG_WARN_DOCUMENTATION_COMMENTS = YES;
				CLANG_WARN_EMPTY_BODY = YES;
				CLANG_WARN_ENUM_CONVERSION = YES;
				CLANG_WARN_INFINITE_RECURSION = YES;
				CLANG_WARN_INT_CONVERSION = YES;
				CLANG_WARN_NON_LITERAL_NULL_CONVERSION = YES;
				CLANG_WARN_OBJC_IMPLICIT_RETAIN_SELF = YES;
				CLANG_WARN_OBJC_LITERAL_CONVERSION = YES;
				CLANG_WARN_OBJC_ROOT_CLASS = YES_ERROR;
				CLANG_WARN_QUOTED_INCLUDE_IN_FRAMEWORK_HEADER = YES;
				CLANG_WARN_RANGE_LOOP_ANALYSIS = YES;
				CLANG_WARN_STRICT_PROTOTYPES = YES;
				CLANG_WARN_SUSPICIOUS_MOVE = YES;
				CLANG_WARN_UNGUARDED_AVAILABILITY = YES_AGGRESSIVE;
				CLANG_WARN_UNREACHABLE_CODE = YES;
				CLANG_WARN__DUPLICATE_METHOD_MATCH = YES;
				COPY_PHASE_STRIP = NO;
				DEBUG_INFORMATION_FORMAT = dwarf;
				ENABLE_STRICT_OBJC_MSGSEND = YES;
				ENABLE_TESTABILITY = YES;
				GCC_C_LANGUAGE_STANDARD = gnu11;
				GCC_DYNAMIC_NO_PIC = NO;
				GCC_NO_COMMON_BLOCKS = YES;
				GCC_OPTIMIZATION_LEVEL = 0;
				GCC_PREPROCESSOR_DEFINITIONS = (
					"DEBUG=1",
					"$(inherited)",
				);
				GCC_WARN_64_TO_32_BIT_CONVERSION = YES;
				GCC_WARN_ABOUT_RETURN_TYPE = YES_ERROR;
				GCC_WARN_UNDECLARED_SELECTOR = YES;
				GCC_WARN_UNINITIALIZED_AUTOS = YES_AGGRESSIVE;
				GCC_WARN_UNUSED_FUNCTION = YES;
				GCC_WARN_UNUSED_VARIABLE = YES;
				IPHONEOS_DEPLOYMENT_TARGET = 16.2;
				MTL_ENABLE_DEBUG_INFO = INCLUDE_SOURCE;
				MTL_FAST_MATH = YES;
				ONLY_ACTIVE_ARCH = YES;
				SDKROOT = iphoneos;
				SWIFT_ACTIVE_COMPILATION_CONDITIONS = DEBUG;
				SWIFT_OPTIMIZATION_LEVEL = "-Onone";
			};
			name = Debug;
		};
		B54E276A29BCFAE300FCD79F /* Release */ = {
			isa = XCBuildConfiguration;
			buildSettings = {
				ALWAYS_SEARCH_USER_PATHS = NO;
				CLANG_ANALYZER_NONNULL = YES;
				CLANG_ANALYZER_NUMBER_OBJECT_CONVERSION = YES_AGGRESSIVE;
				CLANG_CXX_LANGUAGE_STANDARD = "gnu++20";
				CLANG_ENABLE_MODULES = YES;
				CLANG_ENABLE_OBJC_ARC = YES;
				CLANG_ENABLE_OBJC_WEAK = YES;
				CLANG_WARN_BLOCK_CAPTURE_AUTORELEASING = YES;
				CLANG_WARN_BOOL_CONVERSION = YES;
				CLANG_WARN_COMMA = YES;
				CLANG_WARN_CONSTANT_CONVERSION = YES;
				CLANG_WARN_DEPRECATED_OBJC_IMPLEMENTATIONS = YES;
				CLANG_WARN_DIRECT_OBJC_ISA_USAGE = YES_ERROR;
				CLANG_WARN_DOCUMENTATION_COMMENTS = YES;
				CLANG_WARN_EMPTY_BODY = YES;
				CLANG_WARN_ENUM_CONVERSION = YES;
				CLANG_WARN_INFINITE_RECURSION = YES;
				CLANG_WARN_INT_CONVERSION = YES;
				CLANG_WARN_NON_LITERAL_NULL_CONVERSION = YES;
				CLANG_WARN_OBJC_IMPLICIT_RETAIN_SELF = YES;
				CLANG_WARN_OBJC_LITERAL_CONVERSION = YES;
				CLANG_WARN_OBJC_ROOT_CLASS = YES_ERROR;
				CLANG_WARN_QUOTED_INCLUDE_IN_FRAMEWORK_HEADER = YES;
				CLANG_WARN_RANGE_LOOP_ANALYSIS = YES;
				CLANG_WARN_STRICT_PROTOTYPES = YES;
				CLANG_WARN_SUSPICIOUS_MOVE = YES;
				CLANG_WARN_UNGUARDED_AVAILABILITY = YES_AGGRESSIVE;
				CLANG_WARN_UNREACHABLE_CODE = YES;
				CLANG_WARN__DUPLICATE_METHOD_MATCH = YES;
				COPY_PHASE_STRIP = NO;
				DEBUG_INFORMATION_FORMAT = "dwarf-with-dsym";
				ENABLE_NS_ASSERTIONS = NO;
				ENABLE_STRICT_OBJC_MSGSEND = YES;
				GCC_C_LANGUAGE_STANDARD = gnu11;
				GCC_NO_COMMON_BLOCKS = YES;
				GCC_WARN_64_TO_32_BIT_CONVERSION = YES;
				GCC_WARN_ABOUT_RETURN_TYPE = YES_ERROR;
				GCC_WARN_UNDECLARED_SELECTOR = YES;
				GCC_WARN_UNINITIALIZED_AUTOS = YES_AGGRESSIVE;
				GCC_WARN_UNUSED_FUNCTION = YES;
				GCC_WARN_UNUSED_VARIABLE = YES;
				IPHONEOS_DEPLOYMENT_TARGET = 16.2;
				MTL_ENABLE_DEBUG_INFO = NO;
				MTL_FAST_MATH = YES;
				SDKROOT = iphoneos;
				SWIFT_COMPILATION_MODE = wholemodule;
				SWIFT_OPTIMIZATION_LEVEL = "-O";
				VALIDATE_PRODUCT = YES;
			};
			name = Release;
		};
		B54E276C29BCFAE300FCD79F /* Debug */ = {
			isa = XCBuildConfiguration;
			buildSettings = {
				ASSETCATALOG_COMPILER_APPICON_NAME = AppIcon;
				ASSETCATALOG_COMPILER_GLOBAL_ACCENT_COLOR_NAME = AccentColor;
				CODE_SIGN_STYLE = Automatic;
				CURRENT_PROJECT_VERSION = 1;
				DEVELOPMENT_TEAM = VT2X3LT52G;
				GENERATE_INFOPLIST_FILE = YES;
				INFOPLIST_FILE = RickAndMorty/Info.plist;
				INFOPLIST_KEY_UIApplicationSupportsIndirectInputEvents = YES;
				INFOPLIST_KEY_UILaunchStoryboardName = LaunchScreen;
				INFOPLIST_KEY_UISupportedInterfaceOrientations_iPad = "UIInterfaceOrientationPortrait UIInterfaceOrientationPortraitUpsideDown UIInterfaceOrientationLandscapeLeft UIInterfaceOrientationLandscapeRight";
				INFOPLIST_KEY_UISupportedInterfaceOrientations_iPhone = "UIInterfaceOrientationPortrait UIInterfaceOrientationLandscapeLeft UIInterfaceOrientationLandscapeRight";
				LD_RUNPATH_SEARCH_PATHS = (
					"$(inherited)",
					"@executable_path/Frameworks",
				);
				MARKETING_VERSION = 1.0;
				PRODUCT_BUNDLE_IDENTIFIER = com.bxllis.RickAndMorty;
				PRODUCT_NAME = "$(TARGET_NAME)";
				SWIFT_EMIT_LOC_STRINGS = YES;
				SWIFT_VERSION = 5.0;
				TARGETED_DEVICE_FAMILY = "1,2";
			};
			name = Debug;
		};
		B54E276D29BCFAE300FCD79F /* Release */ = {
			isa = XCBuildConfiguration;
			buildSettings = {
				ASSETCATALOG_COMPILER_APPICON_NAME = AppIcon;
				ASSETCATALOG_COMPILER_GLOBAL_ACCENT_COLOR_NAME = AccentColor;
				CODE_SIGN_STYLE = Automatic;
				CURRENT_PROJECT_VERSION = 1;
				DEVELOPMENT_TEAM = VT2X3LT52G;
				GENERATE_INFOPLIST_FILE = YES;
				INFOPLIST_FILE = RickAndMorty/Info.plist;
				INFOPLIST_KEY_UIApplicationSupportsIndirectInputEvents = YES;
				INFOPLIST_KEY_UILaunchStoryboardName = LaunchScreen;
				INFOPLIST_KEY_UISupportedInterfaceOrientations_iPad = "UIInterfaceOrientationPortrait UIInterfaceOrientationPortraitUpsideDown UIInterfaceOrientationLandscapeLeft UIInterfaceOrientationLandscapeRight";
				INFOPLIST_KEY_UISupportedInterfaceOrientations_iPhone = "UIInterfaceOrientationPortrait UIInterfaceOrientationLandscapeLeft UIInterfaceOrientationLandscapeRight";
				LD_RUNPATH_SEARCH_PATHS = (
					"$(inherited)",
					"@executable_path/Frameworks",
				);
				MARKETING_VERSION = 1.0;
				PRODUCT_BUNDLE_IDENTIFIER = com.bxllis.RickAndMorty;
				PRODUCT_NAME = "$(TARGET_NAME)";
				SWIFT_EMIT_LOC_STRINGS = YES;
				SWIFT_VERSION = 5.0;
				TARGETED_DEVICE_FAMILY = "1,2";
			};
			name = Release;
		};
/* End XCBuildConfiguration section */

/* Begin XCConfigurationList section */
		B54E275229BCFAE200FCD79F /* Build configuration list for PBXProject "RickAndMorty" */ = {
			isa = XCConfigurationList;
			buildConfigurations = (
				B54E276929BCFAE300FCD79F /* Debug */,
				B54E276A29BCFAE300FCD79F /* Release */,
			);
			defaultConfigurationIsVisible = 0;
			defaultConfigurationName = Release;
		};
		B54E276B29BCFAE300FCD79F /* Build configuration list for PBXNativeTarget "RickAndMorty" */ = {
			isa = XCConfigurationList;
			buildConfigurations = (
				B54E276C29BCFAE300FCD79F /* Debug */,
				B54E276D29BCFAE300FCD79F /* Release */,
			);
			defaultConfigurationIsVisible = 0;
			defaultConfigurationName = Release;
		};
/* End XCConfigurationList section */
	};
	rootObject = B54E274F29BCFAE200FCD79F /* Project object */;
}
